// !$*UTF8*$!
{
	archiveVersion = 1;
	classes = {
	};
	objectVersion = 77;
	objects = {

/* Begin PBXBuildFile section */
		E90AAB8C2F3058F40021A4A1 /* UniformTypeIdentifiers.framework in Frameworks */ = {isa = PBXBuildFile; fileRef = E90AAB8B2F3058F40021A4A1 /* UniformTypeIdentifiers.framework */; };
		E90AAB972F3058F40021A4A1 /* LinkCleanAction.appex in Embed Foundation Extensions */ = {isa = PBXBuildFile; fileRef = E90AAB892F3058F40021A4A1 /* LinkCleanAction.appex */; settings = {ATTRIBUTES = (RemoveHeadersOnCopy, ); }; };
		E90AABD92F3169B10021A4A1 /* LinkCleanCommon.framework in Frameworks */ = {isa = PBXBuildFile; fileRef = E90AABD02F3169B10021A4A1 /* LinkCleanCommon.framework */; };
		E90AABE32F3169B10021A4A1 /* LinkCleanCommon.framework in Frameworks */ = {isa = PBXBuildFile; fileRef = E90AABD02F3169B10021A4A1 /* LinkCleanCommon.framework */; };
		E90AABEC2F316FCD0021A4A1 /* LinkCleanCommon.framework in Frameworks */ = {isa = PBXBuildFile; fileRef = E90AABD02F3169B10021A4A1 /* LinkCleanCommon.framework */; };
/* End PBXBuildFile section */

/* Begin PBXContainerItemProxy section */
		E90AAB692F2F4ED30021A4A1 /* PBXContainerItemProxy */ = {
			isa = PBXContainerItemProxy;
			containerPortal = E90AAB512F2F4ED20021A4A1 /* Project object */;
			proxyType = 1;
			remoteGlobalIDString = E90AAB582F2F4ED30021A4A1;
			remoteInfo = LinkClean;
		};
		E90AAB732F2F4ED30021A4A1 /* PBXContainerItemProxy */ = {
			isa = PBXContainerItemProxy;
			containerPortal = E90AAB512F2F4ED20021A4A1 /* Project object */;
			proxyType = 1;
			remoteGlobalIDString = E90AAB582F2F4ED30021A4A1;
			remoteInfo = LinkClean;
		};
		E90AAB952F3058F40021A4A1 /* PBXContainerItemProxy */ = {
			isa = PBXContainerItemProxy;
			containerPortal = E90AAB512F2F4ED20021A4A1 /* Project object */;
			proxyType = 1;
			remoteGlobalIDString = E90AAB882F3058F40021A4A1;
			remoteInfo = LinkCleanAction;
		};
		E90AABDA2F3169B10021A4A1 /* PBXContainerItemProxy */ = {
			isa = PBXContainerItemProxy;
			containerPortal = E90AAB512F2F4ED20021A4A1 /* Project object */;
			proxyType = 1;
			remoteGlobalIDString = E90AABCF2F3169B10021A4A1;
			remoteInfo = LinkCleanCommon;
		};
		E90AABDC2F3169B10021A4A1 /* PBXContainerItemProxy */ = {
			isa = PBXContainerItemProxy;
			containerPortal = E90AAB512F2F4ED20021A4A1 /* Project object */;
			proxyType = 1;
			remoteGlobalIDString = E90AAB582F2F4ED30021A4A1;
			remoteInfo = LinkClean;
		};
		E90AABE12F3169B10021A4A1 /* PBXContainerItemProxy */ = {
			isa = PBXContainerItemProxy;
			containerPortal = E90AAB512F2F4ED20021A4A1 /* Project object */;
			proxyType = 1;
			remoteGlobalIDString = E90AABCF2F3169B10021A4A1;
			remoteInfo = LinkCleanCommon;
		};
		E90AABEE2F316FCD0021A4A1 /* PBXContainerItemProxy */ = {
			isa = PBXContainerItemProxy;
			containerPortal = E90AAB512F2F4ED20021A4A1 /* Project object */;
			proxyType = 1;
			remoteGlobalIDString = E90AABCF2F3169B10021A4A1;
			remoteInfo = LinkCleanCommon;
		};
/* End PBXContainerItemProxy section */

/* Begin PBXCopyFilesBuildPhase section */
		E90AAB9C2F3058F40021A4A1 /* Embed Foundation Extensions */ = {
			isa = PBXCopyFilesBuildPhase;
			buildActionMask = 2147483647;
			dstPath = "";
			dstSubfolderSpec = 13;
			files = (
				E90AAB972F3058F40021A4A1 /* LinkCleanAction.appex in Embed Foundation Extensions */,
			);
			name = "Embed Foundation Extensions";
			runOnlyForDeploymentPostprocessing = 0;
		};
/* End PBXCopyFilesBuildPhase section */

/* Begin PBXFileReference section */
		E90AAB592F2F4ED30021A4A1 /* LinkClean.app */ = {isa = PBXFileReference; explicitFileType = wrapper.application; includeInIndex = 0; path = LinkClean.app; sourceTree = BUILT_PRODUCTS_DIR; };
		E90AAB682F2F4ED30021A4A1 /* LinkCleanTests.xctest */ = {isa = PBXFileReference; explicitFileType = wrapper.cfbundle; includeInIndex = 0; path = LinkCleanTests.xctest; sourceTree = BUILT_PRODUCTS_DIR; };
		E90AAB722F2F4ED30021A4A1 /* LinkCleanUITests.xctest */ = {isa = PBXFileReference; explicitFileType = wrapper.cfbundle; includeInIndex = 0; path = LinkCleanUITests.xctest; sourceTree = BUILT_PRODUCTS_DIR; };
		E90AAB892F3058F40021A4A1 /* LinkCleanAction.appex */ = {isa = PBXFileReference; explicitFileType = "wrapper.app-extension"; includeInIndex = 0; path = LinkCleanAction.appex; sourceTree = BUILT_PRODUCTS_DIR; };
		E90AAB8B2F3058F40021A4A1 /* UniformTypeIdentifiers.framework */ = {isa = PBXFileReference; lastKnownFileType = wrapper.framework; name = UniformTypeIdentifiers.framework; path = System/Library/Frameworks/UniformTypeIdentifiers.framework; sourceTree = SDKROOT; };
		E90AABD02F3169B10021A4A1 /* LinkCleanCommon.framework */ = {isa = PBXFileReference; explicitFileType = wrapper.framework; includeInIndex = 0; path = LinkCleanCommon.framework; sourceTree = BUILT_PRODUCTS_DIR; };
		E90AABD82F3169B10021A4A1 /* LinkCleanCommonTests.xctest */ = {isa = PBXFileReference; explicitFileType = wrapper.cfbundle; includeInIndex = 0; path = LinkCleanCommonTests.xctest; sourceTree = BUILT_PRODUCTS_DIR; };
/* End PBXFileReference section */

/* Begin PBXFileSystemSynchronizedBuildFileExceptionSet section */
		E90AAB982F3058F40021A4A1 /* Exceptions for "LinkCleanAction" folder in "LinkCleanAction" target */ = {
			isa = PBXFileSystemSynchronizedBuildFileExceptionSet;
			membershipExceptions = (
				Info.plist,
			);
			target = E90AAB882F3058F40021A4A1 /* LinkCleanAction */;
		};
/* End PBXFileSystemSynchronizedBuildFileExceptionSet section */

/* Begin PBXFileSystemSynchronizedRootGroup section */
		E90AAB5B2F2F4ED30021A4A1 /* LinkClean */ = {
			isa = PBXFileSystemSynchronizedRootGroup;
			path = LinkClean;
			sourceTree = "<group>";
		};
		E90AAB6B2F2F4ED30021A4A1 /* LinkCleanTests */ = {
			isa = PBXFileSystemSynchronizedRootGroup;
			path = LinkCleanTests;
			sourceTree = "<group>";
		};
		E90AAB752F2F4ED30021A4A1 /* LinkCleanUITests */ = {
			isa = PBXFileSystemSynchronizedRootGroup;
			path = LinkCleanUITests;
			sourceTree = "<group>";
		};
		E90AAB8D2F3058F40021A4A1 /* LinkCleanAction */ = {
			isa = PBXFileSystemSynchronizedRootGroup;
			exceptions = (
				E90AAB982F3058F40021A4A1 /* Exceptions for "LinkCleanAction" folder in "LinkCleanAction" target */,
			);
			path = LinkCleanAction;
			sourceTree = "<group>";
		};
		E90AABD12F3169B10021A4A1 /* LinkCleanCommon */ = {
			isa = PBXFileSystemSynchronizedRootGroup;
			path = LinkCleanCommon;
			sourceTree = "<group>";
		};
		E90AABDE2F3169B10021A4A1 /* LinkCleanCommonTests */ = {
			isa = PBXFileSystemSynchronizedRootGroup;
			path = LinkCleanCommonTests;
			sourceTree = "<group>";
		};
/* End PBXFileSystemSynchronizedRootGroup section */

/* Begin PBXFrameworksBuildPhase section */
		E90AAB562F2F4ED30021A4A1 /* Frameworks */ = {
			isa = PBXFrameworksBuildPhase;
			buildActionMask = 2147483647;
			files = (
				E90AABE32F3169B10021A4A1 /* LinkCleanCommon.framework in Frameworks */,
			);
			runOnlyForDeploymentPostprocessing = 0;
		};
		E90AAB652F2F4ED30021A4A1 /* Frameworks */ = {
			isa = PBXFrameworksBuildPhase;
			buildActionMask = 2147483647;
			files = (
			);
			runOnlyForDeploymentPostprocessing = 0;
		};
		E90AAB6F2F2F4ED30021A4A1 /* Frameworks */ = {
			isa = PBXFrameworksBuildPhase;
			buildActionMask = 2147483647;
			files = (
			);
			runOnlyForDeploymentPostprocessing = 0;
		};
		E90AAB862F3058F40021A4A1 /* Frameworks */ = {
			isa = PBXFrameworksBuildPhase;
			buildActionMask = 2147483647;
			files = (
				E90AAB8C2F3058F40021A4A1 /* UniformTypeIdentifiers.framework in Frameworks */,
				E90AABEC2F316FCD0021A4A1 /* LinkCleanCommon.framework in Frameworks */,
			);
			runOnlyForDeploymentPostprocessing = 0;
		};
		E90AABCD2F3169B10021A4A1 /* Frameworks */ = {
			isa = PBXFrameworksBuildPhase;
			buildActionMask = 2147483647;
			files = (
			);
			runOnlyForDeploymentPostprocessing = 0;
		};
		E90AABD52F3169B10021A4A1 /* Frameworks */ = {
			isa = PBXFrameworksBuildPhase;
			buildActionMask = 2147483647;
			files = (
				E90AABD92F3169B10021A4A1 /* LinkCleanCommon.framework in Frameworks */,
			);
			runOnlyForDeploymentPostprocessing = 0;
		};
/* End PBXFrameworksBuildPhase section */

/* Begin PBXGroup section */
		E90AAB502F2F4ED20021A4A1 = {
			isa = PBXGroup;
			children = (
				E90AAB5B2F2F4ED30021A4A1 /* LinkClean */,
				E90AAB6B2F2F4ED30021A4A1 /* LinkCleanTests */,
				E90AAB752F2F4ED30021A4A1 /* LinkCleanUITests */,
				E90AAB8D2F3058F40021A4A1 /* LinkCleanAction */,
				E90AABD12F3169B10021A4A1 /* LinkCleanCommon */,
				E90AABDE2F3169B10021A4A1 /* LinkCleanCommonTests */,
				E90AAB8A2F3058F40021A4A1 /* Frameworks */,
				E90AAB5A2F2F4ED30021A4A1 /* Products */,
			);
			sourceTree = "<group>";
		};
		E90AAB5A2F2F4ED30021A4A1 /* Products */ = {
			isa = PBXGroup;
			children = (
				E90AAB592F2F4ED30021A4A1 /* LinkClean.app */,
				E90AAB682F2F4ED30021A4A1 /* LinkCleanTests.xctest */,
				E90AAB722F2F4ED30021A4A1 /* LinkCleanUITests.xctest */,
				E90AAB892F3058F40021A4A1 /* LinkCleanAction.appex */,
				E90AABD02F3169B10021A4A1 /* LinkCleanCommon.framework */,
				E90AABD82F3169B10021A4A1 /* LinkCleanCommonTests.xctest */,
			);
			name = Products;
			sourceTree = "<group>";
		};
		E90AAB8A2F3058F40021A4A1 /* Frameworks */ = {
			isa = PBXGroup;
			children = (
				E90AAB8B2F3058F40021A4A1 /* UniformTypeIdentifiers.framework */,
			);
			name = Frameworks;
			sourceTree = "<group>";
		};
/* End PBXGroup section */

/* Begin PBXHeadersBuildPhase section */
		E90AABCB2F3169B10021A4A1 /* Headers */ = {
			isa = PBXHeadersBuildPhase;
			buildActionMask = 2147483647;
			files = (
			);
			runOnlyForDeploymentPostprocessing = 0;
		};
/* End PBXHeadersBuildPhase section */

/* Begin PBXNativeTarget section */
		E90AAB582F2F4ED30021A4A1 /* LinkClean */ = {
			isa = PBXNativeTarget;
			buildConfigurationList = E90AAB7C2F2F4ED30021A4A1 /* Build configuration list for PBXNativeTarget "LinkClean" */;
			buildPhases = (
				E90AAB552F2F4ED30021A4A1 /* Sources */,
				E90AAB562F2F4ED30021A4A1 /* Frameworks */,
				E90AAB572F2F4ED30021A4A1 /* Resources */,
				E90AAB9C2F3058F40021A4A1 /* Embed Foundation Extensions */,
			);
			buildRules = (
			);
			dependencies = (
				E90AAB962F3058F40021A4A1 /* PBXTargetDependency */,
				E90AABE22F3169B10021A4A1 /* PBXTargetDependency */,
			);
			fileSystemSynchronizedGroups = (
				E90AAB5B2F2F4ED30021A4A1 /* LinkClean */,
			);
			name = LinkClean;
			packageProductDependencies = (
			);
			productName = LinkClean;
			productReference = E90AAB592F2F4ED30021A4A1 /* LinkClean.app */;
			productType = "com.apple.product-type.application";
		};
		E90AAB672F2F4ED30021A4A1 /* LinkCleanTests */ = {
			isa = PBXNativeTarget;
			buildConfigurationList = E90AAB7F2F2F4ED30021A4A1 /* Build configuration list for PBXNativeTarget "LinkCleanTests" */;
			buildPhases = (
				E90AAB642F2F4ED30021A4A1 /* Sources */,
				E90AAB652F2F4ED30021A4A1 /* Frameworks */,
				E90AAB662F2F4ED30021A4A1 /* Resources */,
			);
			buildRules = (
			);
			dependencies = (
				E90AAB6A2F2F4ED30021A4A1 /* PBXTargetDependency */,
			);
			fileSystemSynchronizedGroups = (
				E90AAB6B2F2F4ED30021A4A1 /* LinkCleanTests */,
			);
			name = LinkCleanTests;
			packageProductDependencies = (
			);
			productName = LinkCleanTests;
			productReference = E90AAB682F2F4ED30021A4A1 /* LinkCleanTests.xctest */;
			productType = "com.apple.product-type.bundle.unit-test";
		};
		E90AAB712F2F4ED30021A4A1 /* LinkCleanUITests */ = {
			isa = PBXNativeTarget;
			buildConfigurationList = E90AAB822F2F4ED30021A4A1 /* Build configuration list for PBXNativeTarget "LinkCleanUITests" */;
			buildPhases = (
				E90AAB6E2F2F4ED30021A4A1 /* Sources */,
				E90AAB6F2F2F4ED30021A4A1 /* Frameworks */,
				E90AAB702F2F4ED30021A4A1 /* Resources */,
			);
			buildRules = (
			);
			dependencies = (
				E90AAB742F2F4ED30021A4A1 /* PBXTargetDependency */,
			);
			fileSystemSynchronizedGroups = (
				E90AAB752F2F4ED30021A4A1 /* LinkCleanUITests */,
			);
			name = LinkCleanUITests;
			packageProductDependencies = (
			);
			productName = LinkCleanUITests;
			productReference = E90AAB722F2F4ED30021A4A1 /* LinkCleanUITests.xctest */;
			productType = "com.apple.product-type.bundle.ui-testing";
		};
		E90AAB882F3058F40021A4A1 /* LinkCleanAction */ = {
			isa = PBXNativeTarget;
			buildConfigurationList = E90AAB992F3058F40021A4A1 /* Build configuration list for PBXNativeTarget "LinkCleanAction" */;
			buildPhases = (
				E90AAB852F3058F40021A4A1 /* Sources */,
				E90AAB862F3058F40021A4A1 /* Frameworks */,
				E90AAB872F3058F40021A4A1 /* Resources */,
			);
			buildRules = (
			);
			dependencies = (
				E90AABEF2F316FCD0021A4A1 /* PBXTargetDependency */,
			);
			fileSystemSynchronizedGroups = (
				E90AAB8D2F3058F40021A4A1 /* LinkCleanAction */,
			);
			name = LinkCleanAction;
			packageProductDependencies = (
			);
			productName = LinkCleanAction;
			productReference = E90AAB892F3058F40021A4A1 /* LinkCleanAction.appex */;
			productType = "com.apple.product-type.app-extension";
		};
		E90AABCF2F3169B10021A4A1 /* LinkCleanCommon */ = {
			isa = PBXNativeTarget;
			buildConfigurationList = E90AABE52F3169B10021A4A1 /* Build configuration list for PBXNativeTarget "LinkCleanCommon" */;
			buildPhases = (
				E90AABCB2F3169B10021A4A1 /* Headers */,
				E90AABCC2F3169B10021A4A1 /* Sources */,
				E90AABCD2F3169B10021A4A1 /* Frameworks */,
				E90AABCE2F3169B10021A4A1 /* Resources */,
			);
			buildRules = (
			);
			dependencies = (
			);
			fileSystemSynchronizedGroups = (
				E90AABD12F3169B10021A4A1 /* LinkCleanCommon */,
			);
			name = LinkCleanCommon;
			packageProductDependencies = (
			);
			productName = LinkCleanCommon;
			productReference = E90AABD02F3169B10021A4A1 /* LinkCleanCommon.framework */;
			productType = "com.apple.product-type.framework";
		};
		E90AABD72F3169B10021A4A1 /* LinkCleanCommonTests */ = {
			isa = PBXNativeTarget;
			buildConfigurationList = E90AABE92F3169B10021A4A1 /* Build configuration list for PBXNativeTarget "LinkCleanCommonTests" */;
			buildPhases = (
				E90AABD42F3169B10021A4A1 /* Sources */,
				E90AABD52F3169B10021A4A1 /* Frameworks */,
				E90AABD62F3169B10021A4A1 /* Resources */,
			);
			buildRules = (
			);
			dependencies = (
				E90AABDB2F3169B10021A4A1 /* PBXTargetDependency */,
				E90AABDD2F3169B10021A4A1 /* PBXTargetDependency */,
			);
			fileSystemSynchronizedGroups = (
				E90AABDE2F3169B10021A4A1 /* LinkCleanCommonTests */,
			);
			name = LinkCleanCommonTests;
			packageProductDependencies = (
			);
			productName = LinkCleanCommonTests;
			productReference = E90AABD82F3169B10021A4A1 /* LinkCleanCommonTests.xctest */;
			productType = "com.apple.product-type.bundle.unit-test";
		};
/* End PBXNativeTarget section */

/* Begin PBXProject section */
		E90AAB512F2F4ED20021A4A1 /* Project object */ = {
			isa = PBXProject;
			attributes = {
				BuildIndependentTargetsInParallel = 1;
				LastSwiftUpdateCheck = 2620;
				LastUpgradeCheck = 2620;
				TargetAttributes = {
					E90AAB582F2F4ED30021A4A1 = {
						CreatedOnToolsVersion = 26.2;
					};
					E90AAB672F2F4ED30021A4A1 = {
						CreatedOnToolsVersion = 26.2;
						TestTargetID = E90AAB582F2F4ED30021A4A1;
					};
					E90AAB712F2F4ED30021A4A1 = {
						CreatedOnToolsVersion = 26.2;
						TestTargetID = E90AAB582F2F4ED30021A4A1;
					};
					E90AAB882F3058F40021A4A1 = {
						CreatedOnToolsVersion = 26.2;
					};
					E90AABCF2F3169B10021A4A1 = {
						CreatedOnToolsVersion = 26.2;
					};
					E90AABD72F3169B10021A4A1 = {
						CreatedOnToolsVersion = 26.2;
						TestTargetID = E90AAB582F2F4ED30021A4A1;
					};
				};
			};
			buildConfigurationList = E90AAB542F2F4ED20021A4A1 /* Build configuration list for PBXProject "LinkClean" */;
			developmentRegion = en;
			hasScannedForEncodings = 0;
			knownRegions = (
				en,
				Base,
			);
			mainGroup = E90AAB502F2F4ED20021A4A1;
			minimizedProjectReferenceProxies = 1;
			preferredProjectObjectVersion = 77;
			productRefGroup = E90AAB5A2F2F4ED30021A4A1 /* Products */;
			projectDirPath = "";
			projectRoot = "";
			targets = (
				E90AAB582F2F4ED30021A4A1 /* LinkClean */,
				E90AAB672F2F4ED30021A4A1 /* LinkCleanTests */,
				E90AAB712F2F4ED30021A4A1 /* LinkCleanUITests */,
				E90AAB882F3058F40021A4A1 /* LinkCleanAction */,
				E90AABCF2F3169B10021A4A1 /* LinkCleanCommon */,
				E90AABD72F3169B10021A4A1 /* LinkCleanCommonTests */,
			);
		};
/* End PBXProject section */

/* Begin PBXResourcesBuildPhase section */
		E90AAB572F2F4ED30021A4A1 /* Resources */ = {
			isa = PBXResourcesBuildPhase;
			buildActionMask = 2147483647;
			files = (
			);
			runOnlyForDeploymentPostprocessing = 0;
		};
		E90AAB662F2F4ED30021A4A1 /* Resources */ = {
			isa = PBXResourcesBuildPhase;
			buildActionMask = 2147483647;
			files = (
			);
			runOnlyForDeploymentPostprocessing = 0;
		};
		E90AAB702F2F4ED30021A4A1 /* Resources */ = {
			isa = PBXResourcesBuildPhase;
			buildActionMask = 2147483647;
			files = (
			);
			runOnlyForDeploymentPostprocessing = 0;
		};
		E90AAB872F3058F40021A4A1 /* Resources */ = {
			isa = PBXResourcesBuildPhase;
			buildActionMask = 2147483647;
			files = (
			);
			runOnlyForDeploymentPostprocessing = 0;
		};
		E90AABCE2F3169B10021A4A1 /* Resources */ = {
			isa = PBXResourcesBuildPhase;
			buildActionMask = 2147483647;
			files = (
			);
			runOnlyForDeploymentPostprocessing = 0;
		};
		E90AABD62F3169B10021A4A1 /* Resources */ = {
			isa = PBXResourcesBuildPhase;
			buildActionMask = 2147483647;
			files = (
			);
			runOnlyForDeploymentPostprocessing = 0;
		};
/* End PBXResourcesBuildPhase section */

/* Begin PBXSourcesBuildPhase section */
		E90AAB552F2F4ED30021A4A1 /* Sources */ = {
			isa = PBXSourcesBuildPhase;
			buildActionMask = 2147483647;
			files = (
			);
			runOnlyForDeploymentPostprocessing = 0;
		};
		E90AAB642F2F4ED30021A4A1 /* Sources */ = {
			isa = PBXSourcesBuildPhase;
			buildActionMask = 2147483647;
			files = (
			);
			runOnlyForDeploymentPostprocessing = 0;
		};
		E90AAB6E2F2F4ED30021A4A1 /* Sources */ = {
			isa = PBXSourcesBuildPhase;
			buildActionMask = 2147483647;
			files = (
			);
			runOnlyForDeploymentPostprocessing = 0;
		};
		E90AAB852F3058F40021A4A1 /* Sources */ = {
			isa = PBXSourcesBuildPhase;
			buildActionMask = 2147483647;
			files = (
			);
			runOnlyForDeploymentPostprocessing = 0;
		};
		E90AABCC2F3169B10021A4A1 /* Sources */ = {
			isa = PBXSourcesBuildPhase;
			buildActionMask = 2147483647;
			files = (
			);
			runOnlyForDeploymentPostprocessing = 0;
		};
		E90AABD42F3169B10021A4A1 /* Sources */ = {
			isa = PBXSourcesBuildPhase;
			buildActionMask = 2147483647;
			files = (
			);
			runOnlyForDeploymentPostprocessing = 0;
		};
/* End PBXSourcesBuildPhase section */

/* Begin PBXTargetDependency section */
		E90AAB6A2F2F4ED30021A4A1 /* PBXTargetDependency */ = {
			isa = PBXTargetDependency;
			target = E90AAB582F2F4ED30021A4A1 /* LinkClean */;
			targetProxy = E90AAB692F2F4ED30021A4A1 /* PBXContainerItemProxy */;
		};
		E90AAB742F2F4ED30021A4A1 /* PBXTargetDependency */ = {
			isa = PBXTargetDependency;
			target = E90AAB582F2F4ED30021A4A1 /* LinkClean */;
			targetProxy = E90AAB732F2F4ED30021A4A1 /* PBXContainerItemProxy */;
		};
		E90AAB962F3058F40021A4A1 /* PBXTargetDependency */ = {
			isa = PBXTargetDependency;
			target = E90AAB882F3058F40021A4A1 /* LinkCleanAction */;
			targetProxy = E90AAB952F3058F40021A4A1 /* PBXContainerItemProxy */;
		};
		E90AABDB2F3169B10021A4A1 /* PBXTargetDependency */ = {
			isa = PBXTargetDependency;
			target = E90AABCF2F3169B10021A4A1 /* LinkCleanCommon */;
			targetProxy = E90AABDA2F3169B10021A4A1 /* PBXContainerItemProxy */;
		};
		E90AABDD2F3169B10021A4A1 /* PBXTargetDependency */ = {
			isa = PBXTargetDependency;
			target = E90AAB582F2F4ED30021A4A1 /* LinkClean */;
			targetProxy = E90AABDC2F3169B10021A4A1 /* PBXContainerItemProxy */;
		};
		E90AABE22F3169B10021A4A1 /* PBXTargetDependency */ = {
			isa = PBXTargetDependency;
			target = E90AABCF2F3169B10021A4A1 /* LinkCleanCommon */;
			targetProxy = E90AABE12F3169B10021A4A1 /* PBXContainerItemProxy */;
		};
		E90AABEF2F316FCD0021A4A1 /* PBXTargetDependency */ = {
			isa = PBXTargetDependency;
			target = E90AABCF2F3169B10021A4A1 /* LinkCleanCommon */;
			targetProxy = E90AABEE2F316FCD0021A4A1 /* PBXContainerItemProxy */;
		};
/* End PBXTargetDependency section */

/* Begin XCBuildConfiguration section */
		E90AAB7A2F2F4ED30021A4A1 /* Debug */ = {
			isa = XCBuildConfiguration;
			buildSettings = {
				ALWAYS_SEARCH_USER_PATHS = NO;
				ASSETCATALOG_COMPILER_GENERATE_SWIFT_ASSET_SYMBOL_EXTENSIONS = YES;
				CLANG_ANALYZER_NONNULL = YES;
				CLANG_ANALYZER_NUMBER_OBJECT_CONVERSION = YES_AGGRESSIVE;
				CLANG_CXX_LANGUAGE_STANDARD = "gnu++20";
				CLANG_ENABLE_MODULES = YES;
				CLANG_ENABLE_OBJC_ARC = YES;
				CLANG_ENABLE_OBJC_WEAK = YES;
				CLANG_WARN_BLOCK_CAPTURE_AUTORELEASING = YES;
				CLANG_WARN_BOOL_CONVERSION = YES;
				CLANG_WARN_COMMA = YES;
				CLANG_WARN_CONSTANT_CONVERSION = YES;
				CLANG_WARN_DEPRECATED_OBJC_IMPLEMENTATIONS = YES;
				CLANG_WARN_DIRECT_OBJC_ISA_USAGE = YES_ERROR;
				CLANG_WARN_DOCUMENTATION_COMMENTS = YES;
				CLANG_WARN_EMPTY_BODY = YES;
				CLANG_WARN_ENUM_CONVERSION = YES;
				CLANG_WARN_INFINITE_RECURSION = YES;
				CLANG_WARN_INT_CONVERSION = YES;
				CLANG_WARN_NON_LITERAL_NULL_CONVERSION = YES;
				CLANG_WARN_OBJC_IMPLICIT_RETAIN_SELF = YES;
				CLANG_WARN_OBJC_LITERAL_CONVERSION = YES;
				CLANG_WARN_OBJC_ROOT_CLASS = YES_ERROR;
				CLANG_WARN_QUOTED_INCLUDE_IN_FRAMEWORK_HEADER = YES;
				CLANG_WARN_RANGE_LOOP_ANALYSIS = YES;
				CLANG_WARN_STRICT_PROTOTYPES = YES;
				CLANG_WARN_SUSPICIOUS_MOVE = YES;
				CLANG_WARN_UNGUARDED_AVAILABILITY = YES_AGGRESSIVE;
				CLANG_WARN_UNREACHABLE_CODE = YES;
				CLANG_WARN__DUPLICATE_METHOD_MATCH = YES;
				COPY_PHASE_STRIP = NO;
				DEBUG_INFORMATION_FORMAT = dwarf;
				DEVELOPMENT_TEAM = G4F57UX422;
				ENABLE_STRICT_OBJC_MSGSEND = YES;
				ENABLE_TESTABILITY = YES;
				ENABLE_USER_SCRIPT_SANDBOXING = YES;
				GCC_C_LANGUAGE_STANDARD = gnu17;
				GCC_DYNAMIC_NO_PIC = NO;
				GCC_NO_COMMON_BLOCKS = YES;
				GCC_OPTIMIZATION_LEVEL = 0;
				GCC_PREPROCESSOR_DEFINITIONS = (
					"DEBUG=1",
					"$(inherited)",
				);
				GCC_WARN_64_TO_32_BIT_CONVERSION = YES;
				GCC_WARN_ABOUT_RETURN_TYPE = YES_ERROR;
				GCC_WARN_UNDECLARED_SELECTOR = YES;
				GCC_WARN_UNINITIALIZED_AUTOS = YES_AGGRESSIVE;
				GCC_WARN_UNUSED_FUNCTION = YES;
				GCC_WARN_UNUSED_VARIABLE = YES;
				IPHONEOS_DEPLOYMENT_TARGET = 26.0;
				LOCALIZATION_PREFERS_STRING_CATALOGS = YES;
				MTL_ENABLE_DEBUG_INFO = INCLUDE_SOURCE;
				MTL_FAST_MATH = YES;
				ONLY_ACTIVE_ARCH = YES;
				SDKROOT = iphoneos;
				SWIFT_ACTIVE_COMPILATION_CONDITIONS = "DEBUG $(inherited)";
				SWIFT_OPTIMIZATION_LEVEL = "-Onone";
				SWIFT_VERSION = 6.0;
			};
			name = Debug;
		};
		E90AAB7B2F2F4ED30021A4A1 /* Release */ = {
			isa = XCBuildConfiguration;
			buildSettings = {
				ALWAYS_SEARCH_USER_PATHS = NO;
				ASSETCATALOG_COMPILER_GENERATE_SWIFT_ASSET_SYMBOL_EXTENSIONS = YES;
				CLANG_ANALYZER_NONNULL = YES;
				CLANG_ANALYZER_NUMBER_OBJECT_CONVERSION = YES_AGGRESSIVE;
				CLANG_CXX_LANGUAGE_STANDARD = "gnu++20";
				CLANG_ENABLE_MODULES = YES;
				CLANG_ENABLE_OBJC_ARC = YES;
				CLANG_ENABLE_OBJC_WEAK = YES;
				CLANG_WARN_BLOCK_CAPTURE_AUTORELEASING = YES;
				CLANG_WARN_BOOL_CONVERSION = YES;
				CLANG_WARN_COMMA = YES;
				CLANG_WARN_CONSTANT_CONVERSION = YES;
				CLANG_WARN_DEPRECATED_OBJC_IMPLEMENTATIONS = YES;
				CLANG_WARN_DIRECT_OBJC_ISA_USAGE = YES_ERROR;
				CLANG_WARN_DOCUMENTATION_COMMENTS = YES;
				CLANG_WARN_EMPTY_BODY = YES;
				CLANG_WARN_ENUM_CONVERSION = YES;
				CLANG_WARN_INFINITE_RECURSION = YES;
				CLANG_WARN_INT_CONVERSION = YES;
				CLANG_WARN_NON_LITERAL_NULL_CONVERSION = YES;
				CLANG_WARN_OBJC_IMPLICIT_RETAIN_SELF = YES;
				CLANG_WARN_OBJC_LITERAL_CONVERSION = YES;
				CLANG_WARN_OBJC_ROOT_CLASS = YES_ERROR;
				CLANG_WARN_QUOTED_INCLUDE_IN_FRAMEWORK_HEADER = YES;
				CLANG_WARN_RANGE_LOOP_ANALYSIS = YES;
				CLANG_WARN_STRICT_PROTOTYPES = YES;
				CLANG_WARN_SUSPICIOUS_MOVE = YES;
				CLANG_WARN_UNGUARDED_AVAILABILITY = YES_AGGRESSIVE;
				CLANG_WARN_UNREACHABLE_CODE = YES;
				CLANG_WARN__DUPLICATE_METHOD_MATCH = YES;
				COPY_PHASE_STRIP = NO;
				DEBUG_INFORMATION_FORMAT = "dwarf-with-dsym";
				DEVELOPMENT_TEAM = G4F57UX422;
				ENABLE_NS_ASSERTIONS = NO;
				ENABLE_STRICT_OBJC_MSGSEND = YES;
				ENABLE_USER_SCRIPT_SANDBOXING = YES;
				GCC_C_LANGUAGE_STANDARD = gnu17;
				GCC_NO_COMMON_BLOCKS = YES;
				GCC_WARN_64_TO_32_BIT_CONVERSION = YES;
				GCC_WARN_ABOUT_RETURN_TYPE = YES_ERROR;
				GCC_WARN_UNDECLARED_SELECTOR = YES;
				GCC_WARN_UNINITIALIZED_AUTOS = YES_AGGRESSIVE;
				GCC_WARN_UNUSED_FUNCTION = YES;
				GCC_WARN_UNUSED_VARIABLE = YES;
				IPHONEOS_DEPLOYMENT_TARGET = 26.0;
				LOCALIZATION_PREFERS_STRING_CATALOGS = YES;
				MTL_ENABLE_DEBUG_INFO = NO;
				MTL_FAST_MATH = YES;
				SDKROOT = iphoneos;
				SWIFT_COMPILATION_MODE = wholemodule;
				SWIFT_VERSION = 6.0;
				VALIDATE_PRODUCT = YES;
			};
			name = Release;
		};
		E90AAB7D2F2F4ED30021A4A1 /* Debug */ = {
			isa = XCBuildConfiguration;
			buildSettings = {
				ASSETCATALOG_COMPILER_APPICON_NAME = AppIcon;
				ASSETCATALOG_COMPILER_GLOBAL_ACCENT_COLOR_NAME = AccentColor;
				CODE_SIGN_STYLE = Automatic;
				CURRENT_PROJECT_VERSION = 1;
				DEVELOPMENT_TEAM = G4F57UX422;
				ENABLE_PREVIEWS = YES;
				GENERATE_INFOPLIST_FILE = YES;
				INFOPLIST_KEY_LSApplicationCategoryType = "public.app-category.utilities";
				INFOPLIST_KEY_UIApplicationSceneManifest_Generation = YES;
				INFOPLIST_KEY_UIApplicationSupportsIndirectInputEvents = YES;
				INFOPLIST_KEY_UILaunchScreen_Generation = YES;
				INFOPLIST_KEY_UISupportedInterfaceOrientations_iPad = "UIInterfaceOrientationPortrait UIInterfaceOrientationPortraitUpsideDown UIInterfaceOrientationLandscapeLeft UIInterfaceOrientationLandscapeRight";
				INFOPLIST_KEY_UISupportedInterfaceOrientations_iPhone = "UIInterfaceOrientationPortrait UIInterfaceOrientationLandscapeLeft UIInterfaceOrientationLandscapeRight";
				LD_RUNPATH_SEARCH_PATHS = (
					"$(inherited)",
					"@executable_path/Frameworks",
				);
				MARKETING_VERSION = 1.0;
				PRODUCT_BUNDLE_IDENTIFIER = com.ken0nek.LinkClean;
				PRODUCT_NAME = "$(TARGET_NAME)";
				STRING_CATALOG_GENERATE_SYMBOLS = YES;
				SWIFT_APPROACHABLE_CONCURRENCY = YES;
				SWIFT_DEFAULT_ACTOR_ISOLATION = MainActor;
				SWIFT_EMIT_LOC_STRINGS = YES;
				SWIFT_UPCOMING_FEATURE_MEMBER_IMPORT_VISIBILITY = YES;
				TARGETED_DEVICE_FAMILY = "1,2";
			};
			name = Debug;
		};
		E90AAB7E2F2F4ED30021A4A1 /* Release */ = {
			isa = XCBuildConfiguration;
			buildSettings = {
				ASSETCATALOG_COMPILER_APPICON_NAME = AppIcon;
				ASSETCATALOG_COMPILER_GLOBAL_ACCENT_COLOR_NAME = AccentColor;
				CODE_SIGN_STYLE = Automatic;
				CURRENT_PROJECT_VERSION = 1;
				DEVELOPMENT_TEAM = G4F57UX422;
				ENABLE_PREVIEWS = YES;
				GENERATE_INFOPLIST_FILE = YES;
				INFOPLIST_KEY_LSApplicationCategoryType = "public.app-category.utilities";
				INFOPLIST_KEY_UIApplicationSceneManifest_Generation = YES;
				INFOPLIST_KEY_UIApplicationSupportsIndirectInputEvents = YES;
				INFOPLIST_KEY_UILaunchScreen_Generation = YES;
				INFOPLIST_KEY_UISupportedInterfaceOrientations_iPad = "UIInterfaceOrientationPortrait UIInterfaceOrientationPortraitUpsideDown UIInterfaceOrientationLandscapeLeft UIInterfaceOrientationLandscapeRight";
				INFOPLIST_KEY_UISupportedInterfaceOrientations_iPhone = "UIInterfaceOrientationPortrait UIInterfaceOrientationLandscapeLeft UIInterfaceOrientationLandscapeRight";
				LD_RUNPATH_SEARCH_PATHS = (
					"$(inherited)",
					"@executable_path/Frameworks",
				);
				MARKETING_VERSION = 1.0;
				PRODUCT_BUNDLE_IDENTIFIER = com.ken0nek.LinkClean;
				PRODUCT_NAME = "$(TARGET_NAME)";
				STRING_CATALOG_GENERATE_SYMBOLS = YES;
				SWIFT_APPROACHABLE_CONCURRENCY = YES;
				SWIFT_DEFAULT_ACTOR_ISOLATION = MainActor;
				SWIFT_EMIT_LOC_STRINGS = YES;
				SWIFT_UPCOMING_FEATURE_MEMBER_IMPORT_VISIBILITY = YES;
				TARGETED_DEVICE_FAMILY = "1,2";
			};
			name = Release;
		};
		E90AAB802F2F4ED30021A4A1 /* Debug */ = {
			isa = XCBuildConfiguration;
			buildSettings = {
				BUNDLE_LOADER = "$(TEST_HOST)";
				CODE_SIGN_STYLE = Automatic;
				CURRENT_PROJECT_VERSION = 1;
				DEVELOPMENT_TEAM = G4F57UX422;
				GENERATE_INFOPLIST_FILE = YES;
				MARKETING_VERSION = 1.0;
				PRODUCT_BUNDLE_IDENTIFIER = com.ken0nek.LinkCleanTests;
				PRODUCT_NAME = "$(TARGET_NAME)";
				STRING_CATALOG_GENERATE_SYMBOLS = NO;
				SWIFT_APPROACHABLE_CONCURRENCY = YES;
				SWIFT_EMIT_LOC_STRINGS = NO;
				SWIFT_UPCOMING_FEATURE_MEMBER_IMPORT_VISIBILITY = YES;
				TARGETED_DEVICE_FAMILY = "1,2";
				TEST_HOST = "$(BUILT_PRODUCTS_DIR)/LinkClean.app/$(BUNDLE_EXECUTABLE_FOLDER_PATH)/LinkClean";
			};
			name = Debug;
		};
		E90AAB812F2F4ED30021A4A1 /* Release */ = {
			isa = XCBuildConfiguration;
			buildSettings = {
				BUNDLE_LOADER = "$(TEST_HOST)";
				CODE_SIGN_STYLE = Automatic;
				CURRENT_PROJECT_VERSION = 1;
				DEVELOPMENT_TEAM = G4F57UX422;
				GENERATE_INFOPLIST_FILE = YES;
				MARKETING_VERSION = 1.0;
				PRODUCT_BUNDLE_IDENTIFIER = com.ken0nek.LinkCleanTests;
				PRODUCT_NAME = "$(TARGET_NAME)";
				STRING_CATALOG_GENERATE_SYMBOLS = NO;
				SWIFT_APPROACHABLE_CONCURRENCY = YES;
				SWIFT_EMIT_LOC_STRINGS = NO;
				SWIFT_UPCOMING_FEATURE_MEMBER_IMPORT_VISIBILITY = YES;
				TARGETED_DEVICE_FAMILY = "1,2";
				TEST_HOST = "$(BUILT_PRODUCTS_DIR)/LinkClean.app/$(BUNDLE_EXECUTABLE_FOLDER_PATH)/LinkClean";
			};
			name = Release;
		};
		E90AAB832F2F4ED30021A4A1 /* Debug */ = {
			isa = XCBuildConfiguration;
			buildSettings = {
				CODE_SIGN_STYLE = Automatic;
				CURRENT_PROJECT_VERSION = 1;
				DEVELOPMENT_TEAM = G4F57UX422;
				GENERATE_INFOPLIST_FILE = YES;
				MARKETING_VERSION = 1.0;
				PRODUCT_BUNDLE_IDENTIFIER = com.ken0nek.LinkCleanUITests;
				PRODUCT_NAME = "$(TARGET_NAME)";
				STRING_CATALOG_GENERATE_SYMBOLS = NO;
				SWIFT_APPROACHABLE_CONCURRENCY = YES;
				SWIFT_EMIT_LOC_STRINGS = NO;
				SWIFT_UPCOMING_FEATURE_MEMBER_IMPORT_VISIBILITY = YES;
				TARGETED_DEVICE_FAMILY = "1,2";
				TEST_TARGET_NAME = LinkClean;
			};
			name = Debug;
		};
		E90AAB842F2F4ED30021A4A1 /* Release */ = {
			isa = XCBuildConfiguration;
			buildSettings = {
				CODE_SIGN_STYLE = Automatic;
				CURRENT_PROJECT_VERSION = 1;
				DEVELOPMENT_TEAM = G4F57UX422;
				GENERATE_INFOPLIST_FILE = YES;
				MARKETING_VERSION = 1.0;
				PRODUCT_BUNDLE_IDENTIFIER = com.ken0nek.LinkCleanUITests;
				PRODUCT_NAME = "$(TARGET_NAME)";
				STRING_CATALOG_GENERATE_SYMBOLS = NO;
				SWIFT_APPROACHABLE_CONCURRENCY = YES;
				SWIFT_EMIT_LOC_STRINGS = NO;
				SWIFT_UPCOMING_FEATURE_MEMBER_IMPORT_VISIBILITY = YES;
				TARGETED_DEVICE_FAMILY = "1,2";
				TEST_TARGET_NAME = LinkClean;
			};
			name = Release;
		};
		E90AAB9A2F3058F40021A4A1 /* Debug */ = {
			isa = XCBuildConfiguration;
			buildSettings = {
				CODE_SIGN_STYLE = Automatic;
				CURRENT_PROJECT_VERSION = 1;
				DEVELOPMENT_TEAM = G4F57UX422;
				GENERATE_INFOPLIST_FILE = YES;
				INFOPLIST_FILE = LinkCleanAction/Info.plist;
				INFOPLIST_KEY_CFBundleDisplayName = "Clean URL";
				INFOPLIST_KEY_NSHumanReadableCopyright = "";
				LD_RUNPATH_SEARCH_PATHS = (
					"$(inherited)",
					"@executable_path/Frameworks",
					"@executable_path/../../Frameworks",
				);
				MARKETING_VERSION = 1.0;
				PRODUCT_BUNDLE_IDENTIFIER = com.ken0nek.LinkClean.LinkCleanAction;
				PRODUCT_NAME = "$(TARGET_NAME)";
				SKIP_INSTALL = YES;
				STRING_CATALOG_GENERATE_SYMBOLS = YES;
				SWIFT_APPROACHABLE_CONCURRENCY = YES;
				SWIFT_EMIT_LOC_STRINGS = YES;
				SWIFT_UPCOMING_FEATURE_MEMBER_IMPORT_VISIBILITY = YES;
				SWIFT_VERSION = 5.0;
				TARGETED_DEVICE_FAMILY = "1,2";
			};
			name = Debug;
		};
		E90AAB9B2F3058F40021A4A1 /* Release */ = {
			isa = XCBuildConfiguration;
			buildSettings = {
				CODE_SIGN_STYLE = Automatic;
				CURRENT_PROJECT_VERSION = 1;
				DEVELOPMENT_TEAM = G4F57UX422;
				GENERATE_INFOPLIST_FILE = YES;
				INFOPLIST_FILE = LinkCleanAction/Info.plist;
				INFOPLIST_KEY_CFBundleDisplayName = "Clean URL";
				INFOPLIST_KEY_NSHumanReadableCopyright = "";
				LD_RUNPATH_SEARCH_PATHS = (
					"$(inherited)",
					"@executable_path/Frameworks",
					"@executable_path/../../Frameworks",
				);
				MARKETING_VERSION = 1.0;
				PRODUCT_BUNDLE_IDENTIFIER = com.ken0nek.LinkClean.LinkCleanAction;
				PRODUCT_NAME = "$(TARGET_NAME)";
				SKIP_INSTALL = YES;
				STRING_CATALOG_GENERATE_SYMBOLS = YES;
				SWIFT_APPROACHABLE_CONCURRENCY = YES;
				SWIFT_EMIT_LOC_STRINGS = YES;
				SWIFT_UPCOMING_FEATURE_MEMBER_IMPORT_VISIBILITY = YES;
				SWIFT_VERSION = 5.0;
				TARGETED_DEVICE_FAMILY = "1,2";
			};
			name = Release;
		};
		E90AABE62F3169B10021A4A1 /* Debug */ = {
			isa = XCBuildConfiguration;
			buildSettings = {
				BUILD_LIBRARY_FOR_DISTRIBUTION = YES;
				CODE_SIGN_STYLE = Automatic;
				CURRENT_PROJECT_VERSION = 1;
				DEVELOPMENT_TEAM = G4F57UX422;
				DYLIB_COMPATIBILITY_VERSION = 1;
				DYLIB_CURRENT_VERSION = 1;
				DYLIB_INSTALL_NAME_BASE = "@rpath";
				ENABLE_MODULE_VERIFIER = YES;
				GENERATE_INFOPLIST_FILE = YES;
				INFOPLIST_KEY_NSHumanReadableCopyright = "";
				INSTALL_PATH = "$(LOCAL_LIBRARY_DIR)/Frameworks";
				IPHONEOS_DEPLOYMENT_TARGET = 26.2;
				LD_RUNPATH_SEARCH_PATHS = (
					"$(inherited)",
					"@executable_path/Frameworks",
					"@loader_path/Frameworks",
				);
				MACH_O_TYPE = staticlib;
				MARKETING_VERSION = 1.0;
				MODULE_VERIFIER_SUPPORTED_LANGUAGES = "objective-c objective-c++";
				MODULE_VERIFIER_SUPPORTED_LANGUAGE_STANDARDS = "gnu17 gnu++20";
				PRODUCT_BUNDLE_IDENTIFIER = com.ken0nek.LinkClean.LinkCleanCommon;
				PRODUCT_NAME = "$(TARGET_NAME:c99extidentifier)";
				SKIP_INSTALL = YES;
				STRING_CATALOG_GENERATE_SYMBOLS = YES;
				SWIFT_APPROACHABLE_CONCURRENCY = YES;
				SWIFT_EMIT_LOC_STRINGS = YES;
				SWIFT_INSTALL_MODULE = YES;
				SWIFT_INSTALL_OBJC_HEADER = NO;
				SWIFT_UPCOMING_FEATURE_MEMBER_IMPORT_VISIBILITY = YES;
				SWIFT_VERSION = 5.0;
				TARGETED_DEVICE_FAMILY = "1,2";
				VERSIONING_SYSTEM = "apple-generic";
				VERSION_INFO_PREFIX = "";
			};
			name = Debug;
		};
		E90AABE72F3169B10021A4A1 /* Release */ = {
			isa = XCBuildConfiguration;
			buildSettings = {
				BUILD_LIBRARY_FOR_DISTRIBUTION = YES;
				CODE_SIGN_STYLE = Automatic;
				CURRENT_PROJECT_VERSION = 1;
				DEVELOPMENT_TEAM = G4F57UX422;
				DYLIB_COMPATIBILITY_VERSION = 1;
				DYLIB_CURRENT_VERSION = 1;
				DYLIB_INSTALL_NAME_BASE = "@rpath";
				ENABLE_MODULE_VERIFIER = YES;
				GENERATE_INFOPLIST_FILE = YES;
				INFOPLIST_KEY_NSHumanReadableCopyright = "";
				INSTALL_PATH = "$(LOCAL_LIBRARY_DIR)/Frameworks";
				IPHONEOS_DEPLOYMENT_TARGET = 26.2;
				LD_RUNPATH_SEARCH_PATHS = (
					"$(inherited)",
					"@executable_path/Frameworks",
					"@loader_path/Frameworks",
				);
				MACH_O_TYPE = staticlib;
				MARKETING_VERSION = 1.0;
				MODULE_VERIFIER_SUPPORTED_LANGUAGES = "objective-c objective-c++";
				MODULE_VERIFIER_SUPPORTED_LANGUAGE_STANDARDS = "gnu17 gnu++20";
				PRODUCT_BUNDLE_IDENTIFIER = com.ken0nek.LinkClean.LinkCleanCommon;
				PRODUCT_NAME = "$(TARGET_NAME:c99extidentifier)";
				SKIP_INSTALL = YES;
				STRING_CATALOG_GENERATE_SYMBOLS = YES;
				SWIFT_APPROACHABLE_CONCURRENCY = YES;
				SWIFT_EMIT_LOC_STRINGS = YES;
				SWIFT_INSTALL_MODULE = YES;
				SWIFT_INSTALL_OBJC_HEADER = NO;
				SWIFT_UPCOMING_FEATURE_MEMBER_IMPORT_VISIBILITY = YES;
				SWIFT_VERSION = 5.0;
				TARGETED_DEVICE_FAMILY = "1,2";
				VERSIONING_SYSTEM = "apple-generic";
				VERSION_INFO_PREFIX = "";
			};
			name = Release;
		};
		E90AABEA2F3169B10021A4A1 /* Debug */ = {
			isa = XCBuildConfiguration;
			buildSettings = {
				APPLICATION_EXTENSION_API_ONLY = YES;
				CODE_SIGN_STYLE = Automatic;
				CURRENT_PROJECT_VERSION = 1;
				DEVELOPMENT_TEAM = G4F57UX422;
				GENERATE_INFOPLIST_FILE = YES;
				IPHONEOS_DEPLOYMENT_TARGET = 26.2;
				MARKETING_VERSION = 1.0;
				PRODUCT_BUNDLE_IDENTIFIER = com.ken0nek.LinkClean.LinkCleanCommonTests;
				PRODUCT_NAME = "$(TARGET_NAME)";
				STRING_CATALOG_GENERATE_SYMBOLS = NO;
				SWIFT_APPROACHABLE_CONCURRENCY = YES;
				SWIFT_EMIT_LOC_STRINGS = NO;
				SWIFT_UPCOMING_FEATURE_MEMBER_IMPORT_VISIBILITY = YES;
				SWIFT_VERSION = 5.0;
				TARGETED_DEVICE_FAMILY = "1,2";
				TEST_HOST = "$(BUILT_PRODUCTS_DIR)/LinkClean.app/$(BUNDLE_EXECUTABLE_FOLDER_PATH)/LinkClean";
			};
			name = Debug;
		};
		E90AABEB2F3169B10021A4A1 /* Release */ = {
			isa = XCBuildConfiguration;
			buildSettings = {
				APPLICATION_EXTENSION_API_ONLY = YES;
				CODE_SIGN_STYLE = Automatic;
				CURRENT_PROJECT_VERSION = 1;
				DEVELOPMENT_TEAM = G4F57UX422;
				GENERATE_INFOPLIST_FILE = YES;
				IPHONEOS_DEPLOYMENT_TARGET = 26.2;
				MARKETING_VERSION = 1.0;
				PRODUCT_BUNDLE_IDENTIFIER = com.ken0nek.LinkClean.LinkCleanCommonTests;
				PRODUCT_NAME = "$(TARGET_NAME)";
				STRING_CATALOG_GENERATE_SYMBOLS = NO;
				SWIFT_APPROACHABLE_CONCURRENCY = YES;
				SWIFT_EMIT_LOC_STRINGS = NO;
				SWIFT_UPCOMING_FEATURE_MEMBER_IMPORT_VISIBILITY = YES;
				SWIFT_VERSION = 5.0;
				TARGETED_DEVICE_FAMILY = "1,2";
				TEST_HOST = "$(BUILT_PRODUCTS_DIR)/LinkClean.app/$(BUNDLE_EXECUTABLE_FOLDER_PATH)/LinkClean";
			};
			name = Release;
		};
/* End XCBuildConfiguration section */

/* Begin XCConfigurationList section */
		E90AAB542F2F4ED20021A4A1 /* Build configuration list for PBXProject "LinkClean" */ = {
			isa = XCConfigurationList;
			buildConfigurations = (
				E90AAB7A2F2F4ED30021A4A1 /* Debug */,
				E90AAB7B2F2F4ED30021A4A1 /* Release */,
			);
			defaultConfigurationIsVisible = 0;
			defaultConfigurationName = Release;
		};
		E90AAB7C2F2F4ED30021A4A1 /* Build configuration list for PBXNativeTarget "LinkClean" */ = {
			isa = XCConfigurationList;
			buildConfigurations = (
				E90AAB7D2F2F4ED30021A4A1 /* Debug */,
				E90AAB7E2F2F4ED30021A4A1 /* Release */,
			);
			defaultConfigurationIsVisible = 0;
			defaultConfigurationName = Release;
		};
		E90AAB7F2F2F4ED30021A4A1 /* Build configuration list for PBXNativeTarget "LinkCleanTests" */ = {
			isa = XCConfigurationList;
			buildConfigurations = (
				E90AAB802F2F4ED30021A4A1 /* Debug */,
				E90AAB812F2F4ED30021A4A1 /* Release */,
			);
			defaultConfigurationIsVisible = 0;
			defaultConfigurationName = Release;
		};
		E90AAB822F2F4ED30021A4A1 /* Build configuration list for PBXNativeTarget "LinkCleanUITests" */ = {
			isa = XCConfigurationList;
			buildConfigurations = (
				E90AAB832F2F4ED30021A4A1 /* Debug */,
				E90AAB842F2F4ED30021A4A1 /* Release */,
			);
			defaultConfigurationIsVisible = 0;
			defaultConfigurationName = Release;
		};
		E90AAB992F3058F40021A4A1 /* Build configuration list for PBXNativeTarget "LinkCleanAction" */ = {
			isa = XCConfigurationList;
			buildConfigurations = (
				E90AAB9A2F3058F40021A4A1 /* Debug */,
				E90AAB9B2F3058F40021A4A1 /* Release */,
			);
			defaultConfigurationIsVisible = 0;
			defaultConfigurationName = Release;
		};
		E90AABE52F3169B10021A4A1 /* Build configuration list for PBXNativeTarget "LinkCleanCommon" */ = {
			isa = XCConfigurationList;
			buildConfigurations = (
				E90AABE62F3169B10021A4A1 /* Debug */,
				E90AABE72F3169B10021A4A1 /* Release */,
			);
			defaultConfigurationIsVisible = 0;
			defaultConfigurationName = Release;
		};
		E90AABE92F3169B10021A4A1 /* Build configuration list for PBXNativeTarget "LinkCleanCommonTests" */ = {
			isa = XCConfigurationList;
			buildConfigurations = (
				E90AABEA2F3169B10021A4A1 /* Debug */,
				E90AABEB2F3169B10021A4A1 /* Release */,
			);
			defaultConfigurationIsVisible = 0;
			defaultConfigurationName = Release;
		};
/* End XCConfigurationList section */
	};
	rootObject = E90AAB512F2F4ED20021A4A1 /* Project object */;
}
